<?xml version="1.0" encoding="utf-8"?>
<Project ToolsVersion="4.0" xmlns="http://schemas.microsoft.com/developer/msbuild/2003">
  <ItemGroup>
    <Filter Include="Source Files">
      <UniqueIdentifier>{30ac2e17-b816-43e0-8972-dba723d647a9}</UniqueIdentifier>
      <Extensions>cpp;c;cxx;rc;def;r;odl;idl;hpj;bat</Extensions>
    </Filter>
    <Filter Include="Header Files">
      <UniqueIdentifier>{e128fd0f-fc29-4da7-b63f-f85053436bc8}</UniqueIdentifier>
      <Extensions>h;hpp;hxx;hm;inl</Extensions>
    </Filter>
    <Filter Include="Resource Files">
      <UniqueIdentifier>{7d622bd0-e9c6-49c2-805e-b8f4b8daa788}</UniqueIdentifier>
      <Extensions>ico;cur;bmp;dlg;rc2;rct;bin;rgs;gif;jpg;jpeg;jpe</Extensions>
    </Filter>
  </ItemGroup>
  <ItemGroup>
    <ClCompile Include="ChildFrm.cpp">
      <Filter>Source Files</Filter>
    </ClCompile>
    <ClCompile Include="MainFrm.cpp">
      <Filter>Source Files</Filter>
    </ClCompile>
    <ClCompile Include="MAlign.cpp">
      <Filter>Source Files</Filter>
    </ClCompile>
    <ClCompile Include="OutputCutoffDialog.cpp">
      <Filter>Source Files</Filter>
    </ClCompile>
    <ClCompile Include="Polarization.cpp">
      <Filter>Source Files</Filter>
    </ClCompile>
    <ClCompile Include="PolarizationProfile.cpp">
      <Filter>Source Files</Filter>
    </ClCompile>
    <ClCompile Include="PolarizationProfileDoc.cpp">
      <Filter>Source Files</Filter>
    </ClCompile>
    <ClCompile Include="PolarizationProfileView.cpp">
      <Filter>Source Files</Filter>
    </ClCompile>
    <ClCompile Include="StdAfx.cpp">
      <Filter>Source Files</Filter>
    </ClCompile>
    <ClCompile Include="T_Test.cpp">
      <Filter>Source Files</Filter>
    </ClCompile>
  </ItemGroup>
  <ItemGroup>
    <ResourceCompile Include="PolarizationProfile.rc">
      <Filter>Source Files</Filter>
    </ResourceCompile>
  </ItemGroup>
  <ItemGroup>
    <ClInclude Include="ChildFrm.h">
      <Filter>Header Files</Filter>
    </ClInclude>
    <ClInclude Include="MainFrm.h">
      <Filter>Header Files</Filter>
    </ClInclude>
    <ClInclude Include="MAlign.h">
      <Filter>Header Files</Filter>
    </ClInclude>
    <ClInclude Include="OutputCutoffDialog.h">
      <Filter>Header Files</Filter>
    </ClInclude>
    <ClInclude Include="Polarization.h">
      <Filter>Header Files</Filter>
    </ClInclude>
    <ClInclude Include="PolarizationProfile.h">
      <Filter>Header Files</Filter>
    </ClInclude>
    <ClInclude Include="PolarizationProfileDoc.h">
      <Filter>Header Files</Filter>
    </ClInclude>
    <ClInclude Include="PolarizationProfileView.h">
      <Filter>Header Files</Filter>
    </ClInclude>
    <ClInclude Include="Resource.h">
      <Filter>Header Files</Filter>
    </ClInclude>
    <ClInclude Include="StdAfx.h">
      <Filter>Header Files</Filter>
    </ClInclude>
    <ClInclude Include="T_Test.h">
      <Filter>Header Files</Filter>
    </ClInclude>
  </ItemGroup>
  <ItemGroup>
    <Image Include="RES\bitmap1.bmp">
      <Filter>Resource Files</Filter>
    </Image>
    <Image Include="RES\bitmap2.bmp">
      <Filter>Resource Files</Filter>
    </Image>
    <Image Include="res\PolarizationProfile.ico">
      <Filter>Resource Files</Filter>
    </Image>
    <Image Include="res\PolarizationProfileDoc.ico">
      <Filter>Resource Files</Filter>
    </Image>
    <Image Include="res\Toolbar.bmp">
      <Filter>Resource Files</Filter>
    </Image>
  </ItemGroup>
  <ItemGroup>
    <Text Include="ReadMe.txt" />
  </ItemGroup>
  <ItemGroup>
    <CustomBuild Include="res\PolarizationProfile.rc2">
      <Filter>Resource Files</Filter>
    </CustomBuild>
    <CustomBuild Include="PolarizationProfile.reg" />
  </ItemGroup>
</Project>